{
  "version": "5",
  "specifiers": {
    "jsr:@std/assert@*": "1.0.19",
    "jsr:@std/assert@^1.0.19": "1.0.19",
    "jsr:@std/internal@^1.0.12": "1.0.12",
    "jsr:@uri/typed-api@0.0.11": "0.0.11",
    "npm:@instantdb/admin@1.0.21": "1.0.21",
    "npm:gamla@124.0.0": "124.0.0",
    "npm:zod@3.25.57": "3.25.57"
  },
  "jsr": {
    "@std/assert@1.0.19": {
      "integrity": "eaada96ee120cb980bc47e040f82814d786fe8162ecc53c91d8df60b8755991e",
      "dependencies": [
        "jsr:@std/internal"
      ]
    },
    "@std/internal@1.0.12": {
      "integrity": "972a634fd5bc34b242024402972cd5143eac68d8dffaca5eaa4dba30ce17b027"
    },
    "@uri/typed-api@0.0.11": {
      "integrity": "7a41b4dc0070e5dbce46263ae945e29c05076e5a59cd87c431a3e77480d227bc",
      "dependencies": [
        "npm:zod"
      ]
    }
  },
  "npm": {
    "@instantdb/admin@1.0.21": {
      "integrity": "sha512-HOnE6i+lq/LNOouaSqatHYGwKLSowgMCM0aBYiIieDo45x8DHN5Lx2sDnanad4eNzA4OBVffI2ExBDRIh+opQg==",
      "dependencies": [
        "@instantdb/core",
        "@instantdb/eventsource",
        "@instantdb/version",
        "cookie",
        "uuid"
      ]
    },
    "@instantdb/core@1.0.21": {
      "integrity": "sha512-JDzFJZiQb9Vj0SR/6sJ4R0mXea/LhKU27vOj3H6U39WrIbzCqvk3T2vBsy4VfimSRSDHgOTis+0sZjDr7aa9/Q==",
      "dependencies": [
        "@instantdb/version",
        "mutative",
        "uuid"
      ]
    },
    "@instantdb/eventsource@4.1.0-2": {
      "integrity": "sha512-k2uzhsRzdD7hzV3fv+eoCRNeluZcj4pDfUKKAhvIS6xshc7zHkaM9/m3vxBgaYoNVmvOyaGp84TcHG0/Bp7k4g==",
      "dependencies": [
        "eventsource-parser"
      ]
    },
    "@instantdb/version@1.0.21": {
      "integrity": "sha512-55Vr4KKaAeRoyajE8g9FiAe6POvSFOSeebdPn4NWdCwodAX+ILSz75+0U0thQqa6RImp84LJkooRlyF/hUMH5g=="
    },
    "cookie@1.1.1": {
      "integrity": "sha512-ei8Aos7ja0weRpFzJnEA9UHJ/7XQmqglbRwnf2ATjcB9Wq874VKH9kfjjirM6UhU2/E5fFYadylyhFldcqSidQ=="
    },
    "eventsource-parser@3.0.8": {
      "integrity": "sha512-70QWGkr4snxr0OXLRWsFLeRBIRPuQOvt4s8QYjmUlmlkyTZkRqS7EDVRZtzU3TiyDbXSzaOeF0XUKy8PchzukQ=="
    },
    "gamla@124.0.0": {
      "integrity": "sha512-LYU7xy9QlSpmtdXtphxeGb0XlFXGbYkYcUUXSWNLu4CZjHQnyFAecp0U6fwGP0byTsgrQPsn74WrRCOU/pCU0g==",
      "dependencies": [
        "stable-hash"
      ]
    },
    "mutative@1.3.0": {
      "integrity": "sha512-8MJj6URmOZAV70dpFe1YnSppRTKC4DsMkXQiBDFayLcDI4ljGokHxmpqaBQuDWa4iAxWaJJ1PS8vAmbntjjKmQ=="
    },
    "stable-hash@0.0.6": {
      "integrity": "sha512-0afH4mobqTybYZsXImQRLOjHV4gvOW+92HdUIax9t7a8d9v54KWykEuMVIcXhD9BCi+w3kS4x7O6fmZQ3JlG/g=="
    },
    "uuid@11.1.1": {
      "integrity": "sha512-vIYxrBCC/N/K+Js3qSN88go7kIfNPssr/hHCesKCQNAjmgvYS2oqr69kIufEG+O4+PfezOH4EbIeHCfFov8ZgQ==",
      "bin": true
    },
    "zod@3.25.57": {
      "integrity": "sha512-6tgzLuwVST5oLUxXTmBqoinKMd3JeesgbgseXeFasKKj8Q1FCZrHnbqJOyiEvr4cVAlbug+CgIsmJ8cl/pU5FA=="
    }
  },
  "workspace": {
    "dependencies": [
      "jsr:@std/assert@^1.0.19",
      "jsr:@uri/typed-api@0.0.11",
      "npm:@instantdb/admin@1.0.21",
      "npm:gamla@124.0.0",
      "npm:zod@3.25.57"
    ]
  }
}
